
Microsoft Visual Studio Solution File, Format Version 12.00
# Visual Studio Version 17
VisualStudioVersion = 17.3.32804.467
MinimumVisualStudioVersion = 10.0.40219.1
Project("{FAE04EC0-301F-11D3-BF4B-00C04F79EFBC}") = "Assignment1-3", "Assignment1-3\Assignment1-3.csproj", "{EFBFE3FC-71E8-4DD8-ADE1-77A034742011}"
EndProject
Global
	GlobalSection(SolutionConfigurationPlatforms) = preSolution
		Debug|Any CPU = Debug|Any CPU
		Release|Any CPU = Release|Any CPU
	EndGlobalSection
	GlobalSection(ProjectConfigurationPlatforms) = postSolution
		{EFBFE3FC-71E8-4DD8-ADE1-77A034742011}.Debug|Any CPU.ActiveCfg = Debug|Any CPU
		{EFBFE3FC-71E8-4DD8-ADE1-77A034742011}.Debug|Any CPU.Build.0 = Debug|Any CPU
		{EFBFE3FC-71E8-4DD8-ADE1-77A034742011}.Release|Any CPU.ActiveCfg = Release|Any CPU
		{EFBFE3FC-71E8-4DD8-ADE1-77A034742011}.Release|Any CPU.Build.0 = Release|Any CPU
	EndGlobalSection
	GlobalSection(SolutionProperties) = preSolution
		HideSolutionNode = FALSE
	EndGlobalSection
	GlobalSection(ExtensibilityGlobals) = postSolution
		SolutionGuid = {C2471396-0CE3-42F3-8843-01FFB4A8C613}
	EndGlobalSection
EndGlobal
